// !$*UTF8*$!
{
	archiveVersion = 1;
	classes = {
	};
	objectVersion = 46;
	objects = {

/* Begin PBXBuildFile section */
		614F4CD71BEEC1FC00EF7617 /* Alamofire.framework in Frameworks */ = {isa = PBXBuildFile; fileRef = 614F4CCA1BEEC1EC00EF7617 /* Alamofire.framework */; };
		614F4CD81BEEC1FC00EF7617 /* Alamofire.framework in Embed Frameworks */ = {isa = PBXBuildFile; fileRef = 614F4CCA1BEEC1EC00EF7617 /* Alamofire.framework */; settings = {ATTRIBUTES = (CodeSignOnCopy, RemoveHeadersOnCopy, ); }; };
		6B101B5D1BEE86800068E81E /* AppDelegate.swift in Sources */ = {isa = PBXBuildFile; fileRef = 6B101B5C1BEE86800068E81E /* AppDelegate.swift */; };
		6B101B5F1BEE86800068E81E /* ViewController.swift in Sources */ = {isa = PBXBuildFile; fileRef = 6B101B5E1BEE86800068E81E /* ViewController.swift */; };
		6B101B621BEE86800068E81E /* Main.storyboard in Resources */ = {isa = PBXBuildFile; fileRef = 6B101B601BEE86800068E81E /* Main.storyboard */; };
		6B101B641BEE86800068E81E /* Assets.xcassets in Resources */ = {isa = PBXBuildFile; fileRef = 6B101B631BEE86800068E81E /* Assets.xcassets */; };
		6B101B671BEE86800068E81E /* LaunchScreen.storyboard in Resources */ = {isa = PBXBuildFile; fileRef = 6B101B651BEE86800068E81E /* LaunchScreen.storyboard */; };
		6B101B721BEE86800068E81E /* testhttpTests.swift in Sources */ = {isa = PBXBuildFile; fileRef = 6B101B711BEE86800068E81E /* testhttpTests.swift */; };
		6B101B7D1BEE86800068E81E /* testhttpUITests.swift in Sources */ = {isa = PBXBuildFile; fileRef = 6B101B7C1BEE86800068E81E /* testhttpUITests.swift */; };
/* End PBXBuildFile section */

/* Begin PBXContainerItemProxy section */
		614F4CC91BEEC1EC00EF7617 /* PBXContainerItemProxy */ = {
			isa = PBXContainerItemProxy;
			containerPortal = 614F4CBF1BEEC1EC00EF7617 /* Alamofire.xcodeproj */;
			proxyType = 2;
			remoteGlobalIDString = F8111E3319A95C8B0040E7D1;
			remoteInfo = "Alamofire iOS";
		};
		614F4CCB1BEEC1EC00EF7617 /* PBXContainerItemProxy */ = {
			isa = PBXContainerItemProxy;
			containerPortal = 614F4CBF1BEEC1EC00EF7617 /* Alamofire.xcodeproj */;
			proxyType = 2;
			remoteGlobalIDString = F8111E3E19A95C8B0040E7D1;
			remoteInfo = "Alamofire iOS Tests";
		};
		614F4CCD1BEEC1EC00EF7617 /* PBXContainerItemProxy */ = {
			isa = PBXContainerItemProxy;
			containerPortal = 614F4CBF1BEEC1EC00EF7617 /* Alamofire.xcodeproj */;
			proxyType = 2;
			remoteGlobalIDString = 4DD67C0B1A5C55C900ED2280;
			remoteInfo = "Alamofire OSX";
		};
		614F4CCF1BEEC1EC00EF7617 /* PBXContainerItemProxy */ = {
			isa = PBXContainerItemProxy;
			containerPortal = 614F4CBF1BEEC1EC00EF7617 /* Alamofire.xcodeproj */;
			proxyType = 2;
			remoteGlobalIDString = F829C6B21A7A94F100A2CD59;
			remoteInfo = "Alamofire OSX Tests";
		};
		614F4CD11BEEC1EC00EF7617 /* PBXContainerItemProxy */ = {
			isa = PBXContainerItemProxy;
			containerPortal = 614F4CBF1BEEC1EC00EF7617 /* Alamofire.xcodeproj */;
			proxyType = 2;
			remoteGlobalIDString = 4CF626EF1BA7CB3E0011A099;
			remoteInfo = "Alamofire tvOS";
		};
		614F4CD31BEEC1EC00EF7617 /* PBXContainerItemProxy */ = {
			isa = PBXContainerItemProxy;
			containerPortal = 614F4CBF1BEEC1EC00EF7617 /* Alamofire.xcodeproj */;
			proxyType = 2;
			remoteGlobalIDString = 4CF626F81BA7CB3E0011A099;
			remoteInfo = "Alamofire tvOS Tests";
		};
		614F4CD51BEEC1EC00EF7617 /* PBXContainerItemProxy */ = {
			isa = PBXContainerItemProxy;
			containerPortal = 614F4CBF1BEEC1EC00EF7617 /* Alamofire.xcodeproj */;
			proxyType = 2;
			remoteGlobalIDString = E4202FE01B667AA100C997FB;
			remoteInfo = "Alamofire watchOS";
		};
		614F4CD91BEEC1FC00EF7617 /* PBXContainerItemProxy */ = {
			isa = PBXContainerItemProxy;
			containerPortal = 614F4CBF1BEEC1EC00EF7617 /* Alamofire.xcodeproj */;
			proxyType = 1;
			remoteGlobalIDString = F8111E3219A95C8B0040E7D1;
			remoteInfo = "Alamofire iOS";
		};
		6B101B6E1BEE86800068E81E /* PBXContainerItemProxy */ = {
			isa = PBXContainerItemProxy;
			containerPortal = 6B101B511BEE86800068E81E /* Project object */;
			proxyType = 1;
			remoteGlobalIDString = 6B101B581BEE86800068E81E;
			remoteInfo = testhttp;
		};
		6B101B791BEE86800068E81E /* PBXContainerItemProxy */ = {
			isa = PBXContainerItemProxy;
			containerPortal = 6B101B511BEE86800068E81E /* Project object */;
			proxyType = 1;
			remoteGlobalIDString = 6B101B581BEE86800068E81E;
			remoteInfo = testhttp;
		};
/* End PBXContainerItemProxy section */

/* Begin PBXCopyFilesBuildPhase section */
		614F4CBE1BEEC14B00EF7617 /* Embed Frameworks */ = {
			isa = PBXCopyFilesBuildPhase;
			buildActionMask = 2147483647;
			dstPath = "";
			dstSubfolderSpec = 10;
			files = (
				614F4CD81BEEC1FC00EF7617 /* Alamofire.framework in Embed Frameworks */,
			);
			name = "Embed Frameworks";
			runOnlyForDeploymentPostprocessing = 0;
		};
/* End PBXCopyFilesBuildPhase section */

/* Begin PBXFileReference section */
		614F4CBF1BEEC1EC00EF7617 /* Alamofire.xcodeproj */ = {isa = PBXFileReference; lastKnownFileType = "wrapper.pb-project"; name = Alamofire.xcodeproj; path = Alamofire/Alamofire.xcodeproj; sourceTree = "<group>"; };
		6B101B591BEE86800068E81E /* testhttp.app */ = {isa = PBXFileReference; explicitFileType = wrapper.application; includeInIndex = 0; path = testhttp.app; sourceTree = BUILT_PRODUCTS_DIR; };
		6B101B5C1BEE86800068E81E /* AppDelegate.swift */ = {isa = PBXFileReference; lastKnownFileType = sourcecode.swift; path = AppDelegate.swift; sourceTree = "<group>"; };
		6B101B5E1BEE86800068E81E /* ViewController.swift */ = {isa = PBXFileReference; lastKnownFileType = sourcecode.swift; path = ViewController.swift; sourceTree = "<group>"; };
		6B101B611BEE86800068E81E /* Base */ = {isa = PBXFileReference; lastKnownFileType = file.storyboard; name = Base; path = Base.lproj/Main.storyboard; sourceTree = "<group>"; };
		6B101B631BEE86800068E81E /* Assets.xcassets */ = {isa = PBXFileReference; lastKnownFileType = folder.assetcatalog; path = Assets.xcassets; sourceTree = "<group>"; };
		6B101B661BEE86800068E81E /* Base */ = {isa = PBXFileReference; lastKnownFileType = file.storyboard; name = Base; path = Base.lproj/LaunchScreen.storyboard; sourceTree = "<group>"; };
		6B101B681BEE86800068E81E /* Info.plist */ = {isa = PBXFileReference; lastKnownFileType = text.plist.xml; path = Info.plist; sourceTree = "<group>"; };
		6B101B6D1BEE86800068E81E /* testhttpTests.xctest */ = {isa = PBXFileReference; explicitFileType = wrapper.cfbundle; includeInIndex = 0; path = testhttpTests.xctest; sourceTree = BUILT_PRODUCTS_DIR; };
		6B101B711BEE86800068E81E /* testhttpTests.swift */ = {isa = PBXFileReference; lastKnownFileType = sourcecode.swift; path = testhttpTests.swift; sourceTree = "<group>"; };
		6B101B731BEE86800068E81E /* Info.plist */ = {isa = PBXFileReference; lastKnownFileType = text.plist.xml; path = Info.plist; sourceTree = "<group>"; };
		6B101B781BEE86800068E81E /* testhttpUITests.xctest */ = {isa = PBXFileReference; explicitFileType = wrapper.cfbundle; includeInIndex = 0; path = testhttpUITests.xctest; sourceTree = BUILT_PRODUCTS_DIR; };
		6B101B7C1BEE86800068E81E /* testhttpUITests.swift */ = {isa = PBXFileReference; lastKnownFileType = sourcecode.swift; path = testhttpUITests.swift; sourceTree = "<group>"; };
		6B101B7E1BEE86800068E81E /* Info.plist */ = {isa = PBXFileReference; lastKnownFileType = text.plist.xml; path = Info.plist; sourceTree = "<group>"; };
/* End PBXFileReference section */

/* Begin PBXFrameworksBuildPhase section */
		6B101B561BEE86800068E81E /* Frameworks */ = {
			isa = PBXFrameworksBuildPhase;
			buildActionMask = 2147483647;
			files = (
				614F4CD71BEEC1FC00EF7617 /* Alamofire.framework in Frameworks */,
			);
			runOnlyForDeploymentPostprocessing = 0;
		};
		6B101B6A1BEE86800068E81E /* Frameworks */ = {
			isa = PBXFrameworksBuildPhase;
			buildActionMask = 2147483647;
			files = (
			);
			runOnlyForDeploymentPostprocessing = 0;
		};
		6B101B751BEE86800068E81E /* Frameworks */ = {
			isa = PBXFrameworksBuildPhase;
			buildActionMask = 2147483647;
			files = (
			);
			runOnlyForDeploymentPostprocessing = 0;
		};
/* End PBXFrameworksBuildPhase section */

/* Begin PBXGroup section */
		614F4CC01BEEC1EC00EF7617 /* Products */ = {
			isa = PBXGroup;
			children = (
				614F4CCA1BEEC1EC00EF7617 /* Alamofire.framework */,
				614F4CCC1BEEC1EC00EF7617 /* Alamofire iOS Tests.xctest */,
				614F4CCE1BEEC1EC00EF7617 /* Alamofire.framework */,
				614F4CD01BEEC1EC00EF7617 /* Alamofire OSX Tests.xctest */,
				614F4CD21BEEC1EC00EF7617 /* Alamofire.framework */,
				614F4CD41BEEC1EC00EF7617 /* Alamofire tvOS Tests.xctest */,
				614F4CD61BEEC1EC00EF7617 /* Alamofire.framework */,
			);
			name = Products;
			sourceTree = "<group>";
		};
		6B101B501BEE86800068E81E = {
			isa = PBXGroup;
			children = (
				614F4CBF1BEEC1EC00EF7617 /* Alamofire.xcodeproj */,
				6B101B5B1BEE86800068E81E /* testhttp */,
				6B101B701BEE86800068E81E /* testhttpTests */,
				6B101B7B1BEE86800068E81E /* testhttpUITests */,
				6B101B5A1BEE86800068E81E /* Products */,
			);
			sourceTree = "<group>";
		};
		6B101B5A1BEE86800068E81E /* Products */ = {
			isa = PBXGroup;
			children = (
				6B101B591BEE86800068E81E /* testhttp.app */,
				6B101B6D1BEE86800068E81E /* testhttpTests.xctest */,
				6B101B781BEE86800068E81E /* testhttpUITests.xctest */,
			);
			name = Products;
			sourceTree = "<group>";
		};
		6B101B5B1BEE86800068E81E /* testhttp */ = {
			isa = PBXGroup;
			children = (
				6B101B5C1BEE86800068E81E /* AppDelegate.swift */,
				6B101B5E1BEE86800068E81E /* ViewController.swift */,
				6B101B601BEE86800068E81E /* Main.storyboard */,
				6B101B631BEE86800068E81E /* Assets.xcassets */,
				6B101B651BEE86800068E81E /* LaunchScreen.storyboard */,
				6B101B681BEE86800068E81E /* Info.plist */,
			);
			path = testhttp;
			sourceTree = "<group>";
		};
		6B101B701BEE86800068E81E /* testhttpTests */ = {
			isa = PBXGroup;
			children = (
				6B101B711BEE86800068E81E /* testhttpTests.swift */,
				6B101B731BEE86800068E81E /* Info.plist */,
			);
			path = testhttpTests;
			sourceTree = "<group>";
		};
		6B101B7B1BEE86800068E81E /* testhttpUITests */ = {
			isa = PBXGroup;
			children = (
				6B101B7C1BEE86800068E81E /* testhttpUITests.swift */,
				6B101B7E1BEE86800068E81E /* Info.plist */,
			);
			path = testhttpUITests;
			sourceTree = "<group>";
		};
/* End PBXGroup section */

/* Begin PBXNativeTarget section */
		6B101B581BEE86800068E81E /* testhttp */ = {
			isa = PBXNativeTarget;
			buildConfigurationList = 6B101B811BEE86800068E81E /* Build configuration list for PBXNativeTarget "testhttp" */;
			buildPhases = (
				6B101B551BEE86800068E81E /* Sources */,
				6B101B561BEE86800068E81E /* Frameworks */,
				6B101B571BEE86800068E81E /* Resources */,
				614F4CBE1BEEC14B00EF7617 /* Embed Frameworks */,
			);
			buildRules = (
			);
			dependencies = (
				614F4CDA1BEEC1FC00EF7617 /* PBXTargetDependency */,
			);
			name = testhttp;
			productName = testhttp;
			productReference = 6B101B591BEE86800068E81E /* testhttp.app */;
			productType = "com.apple.product-type.application";
		};
		6B101B6C1BEE86800068E81E /* testhttpTests */ = {
			isa = PBXNativeTarget;
			buildConfigurationList = 6B101B841BEE86800068E81E /* Build configuration list for PBXNativeTarget "testhttpTests" */;
			buildPhases = (
				6B101B691BEE86800068E81E /* Sources */,
				6B101B6A1BEE86800068E81E /* Frameworks */,
				6B101B6B1BEE86800068E81E /* Resources */,
			);
			buildRules = (
			);
			dependencies = (
				6B101B6F1BEE86800068E81E /* PBXTargetDependency */,
			);
			name = testhttpTests;
			productName = testhttpTests;
			productReference = 6B101B6D1BEE86800068E81E /* testhttpTests.xctest */;
			productType = "com.apple.product-type.bundle.unit-test";
		};
		6B101B771BEE86800068E81E /* testhttpUITests */ = {
			isa = PBXNativeTarget;
			buildConfigurationList = 6B101B871BEE86800068E81E /* Build configuration list for PBXNativeTarget "testhttpUITests" */;
			buildPhases = (
				6B101B741BEE86800068E81E /* Sources */,
				6B101B751BEE86800068E81E /* Frameworks */,
				6B101B761BEE86800068E81E /* Resources */,
			);
			buildRules = (
			);
			dependencies = (
				6B101B7A1BEE86800068E81E /* PBXTargetDependency */,
			);
			name = testhttpUITests;
			productName = testhttpUITests;
			productReference = 6B101B781BEE86800068E81E /* testhttpUITests.xctest */;
			productType = "com.apple.product-type.bundle.ui-testing";
		};
/* End PBXNativeTarget section */

/* Begin PBXProject section */
		6B101B511BEE86800068E81E /* Project object */ = {
			isa = PBXProject;
			attributes = {
				LastSwiftUpdateCheck = 0710;
				LastUpgradeCheck = 0710;
				ORGANIZATIONNAME = stellastar;
				TargetAttributes = {
					6B101B581BEE86800068E81E = {
						CreatedOnToolsVersion = 7.1;
						DevelopmentTeam = HX7AC82EPN;
					};
					6B101B6C1BEE86800068E81E = {
						CreatedOnToolsVersion = 7.1;
						TestTargetID = 6B101B581BEE86800068E81E;
					};
					6B101B771BEE86800068E81E = {
						CreatedOnToolsVersion = 7.1;
						TestTargetID = 6B101B581BEE86800068E81E;
					};
				};
			};
			buildConfigurationList = 6B101B541BEE86800068E81E /* Build configuration list for PBXProject "testhttp" */;
			compatibilityVersion = "Xcode 3.2";
			developmentRegion = English;
			hasScannedForEncodings = 0;
			knownRegions = (
				en,
				Base,
			);
			mainGroup = 6B101B501BEE86800068E81E;
			productRefGroup = 6B101B5A1BEE86800068E81E /* Products */;
			projectDirPath = "";
			projectReferences = (
				{
					ProductGroup = 614F4CC01BEEC1EC00EF7617 /* Products */;
					ProjectRef = 614F4CBF1BEEC1EC00EF7617 /* Alamofire.xcodeproj */;
				},
			);
			projectRoot = "";
			targets = (
				6B101B581BEE86800068E81E /* testhttp */,
				6B101B6C1BEE86800068E81E /* testhttpTests */,
				6B101B771BEE86800068E81E /* testhttpUITests */,
			);
		};
/* End PBXProject section */

/* Begin PBXReferenceProxy section */
		614F4CCA1BEEC1EC00EF7617 /* Alamofire.framework */ = {
			isa = PBXReferenceProxy;
			fileType = wrapper.framework;
			path = Alamofire.framework;
			remoteRef = 614F4CC91BEEC1EC00EF7617 /* PBXContainerItemProxy */;
			sourceTree = BUILT_PRODUCTS_DIR;
		};
		614F4CCC1BEEC1EC00EF7617 /* Alamofire iOS Tests.xctest */ = {
			isa = PBXReferenceProxy;
			fileType = wrapper.cfbundle;
			path = "Alamofire iOS Tests.xctest";
			remoteRef = 614F4CCB1BEEC1EC00EF7617 /* PBXContainerItemProxy */;
			sourceTree = BUILT_PRODUCTS_DIR;
		};
		614F4CCE1BEEC1EC00EF7617 /* Alamofire.framework */ = {
			isa = PBXReferenceProxy;
			fileType = wrapper.framework;
			path = Alamofire.framework;
			remoteRef = 614F4CCD1BEEC1EC00EF7617 /* PBXContainerItemProxy */;
			sourceTree = BUILT_PRODUCTS_DIR;
		};
		614F4CD01BEEC1EC00EF7617 /* Alamofire OSX Tests.xctest */ = {
			isa = PBXReferenceProxy;
			fileType = wrapper.cfbundle;
			path = "Alamofire OSX Tests.xctest";
			remoteRef = 614F4CCF1BEEC1EC00EF7617 /* PBXContainerItemProxy */;
			sourceTree = BUILT_PRODUCTS_DIR;
		};
		614F4CD21BEEC1EC00EF7617 /* Alamofire.framework */ = {
			isa = PBXReferenceProxy;
			fileType = wrapper.framework;
			path = Alamofire.framework;
			remoteRef = 614F4CD11BEEC1EC00EF7617 /* PBXContainerItemProxy */;
			sourceTree = BUILT_PRODUCTS_DIR;
		};
		614F4CD41BEEC1EC00EF7617 /* Alamofire tvOS Tests.xctest */ = {
			isa = PBXReferenceProxy;
			fileType = wrapper.cfbundle;
			path = "Alamofire tvOS Tests.xctest";
			remoteRef = 614F4CD31BEEC1EC00EF7617 /* PBXContainerItemProxy */;
			sourceTree = BUILT_PRODUCTS_DIR;
		};
		614F4CD61BEEC1EC00EF7617 /* Alamofire.framework */ = {
			isa = PBXReferenceProxy;
			fileType = wrapper.framework;
			path = Alamofire.framework;
			remoteRef = 614F4CD51BEEC1EC00EF7617 /* PBXContainerItemProxy */;
			sourceTree = BUILT_PRODUCTS_DIR;
		};
/* End PBXReferenceProxy section */

/* Begin PBXResourcesBuildPhase section */
		6B101B571BEE86800068E81E /* Resources */ = {
			isa = PBXResourcesBuildPhase;
			buildActionMask = 2147483647;
			files = (
				6B101B671BEE86800068E81E /* LaunchScreen.storyboard in Resources */,
				6B101B641BEE86800068E81E /* Assets.xcassets in Resources */,
				6B101B621BEE86800068E81E /* Main.storyboard in Resources */,
			);
			runOnlyForDeploymentPostprocessing = 0;
		};
		6B101B6B1BEE86800068E81E /* Resources */ = {
			isa = PBXResourcesBuildPhase;
			buildActionMask = 2147483647;
			files = (
			);
			runOnlyForDeploymentPostprocessing = 0;
		};
		6B101B761BEE86800068E81E /* Resources */ = {
			isa = PBXResourcesBuildPhase;
			buildActionMask = 2147483647;
			files = (
			);
			runOnlyForDeploymentPostprocessing = 0;
		};
/* End PBXResourcesBuildPhase section */

/* Begin PBXSourcesBuildPhase section */
		6B101B551BEE86800068E81E /* Sources */ = {
			isa = PBXSourcesBuildPhase;
			buildActionMask = 2147483647;
			files = (
				6B101B5F1BEE86800068E81E /* ViewController.swift in Sources */,
				6B101B5D1BEE86800068E81E /* AppDelegate.swift in Sources */,
			);
			runOnlyForDeploymentPostprocessing = 0;
		};
		6B101B691BEE86800068E81E /* Sources */ = {
			isa = PBXSourcesBuildPhase;
			buildActionMask = 2147483647;
			files = (
				6B101B721BEE86800068E81E /* testhttpTests.swift in Sources */,
			);
			runOnlyForDeploymentPostprocessing = 0;
		};
		6B101B741BEE86800068E81E /* Sources */ = {
			isa = PBXSourcesBuildPhase;
			buildActionMask = 2147483647;
			files = (
				6B101B7D1BEE86800068E81E /* testhttpUITests.swift in Sources */,
			);
			runOnlyForDeploymentPostprocessing = 0;
		};
/* End PBXSourcesBuildPhase section */

/* Begin PBXTargetDependency section */
		614F4CDA1BEEC1FC00EF7617 /* PBXTargetDependency */ = {
			isa = PBXTargetDependency;
			name = "Alamofire iOS";
			targetProxy = 614F4CD91BEEC1FC00EF7617 /* PBXContainerItemProxy */;
		};
		6B101B6F1BEE86800068E81E /* PBXTargetDependency */ = {
			isa = PBXTargetDependency;
			target = 6B101B581BEE86800068E81E /* testhttp */;
			targetProxy = 6B101B6E1BEE86800068E81E /* PBXContainerItemProxy */;
		};
		6B101B7A1BEE86800068E81E /* PBXTargetDependency */ = {
			isa = PBXTargetDependency;
			target = 6B101B581BEE86800068E81E /* testhttp */;
			targetProxy = 6B101B791BEE86800068E81E /* PBXContainerItemProxy */;
		};
/* End PBXTargetDependency section */

/* Begin PBXVariantGroup section */
		6B101B601BEE86800068E81E /* Main.storyboard */ = {
			isa = PBXVariantGroup;
			children = (
				6B101B611BEE86800068E81E /* Base */,
			);
			name = Main.storyboard;
			sourceTree = "<group>";
		};
		6B101B651BEE86800068E81E /* LaunchScreen.storyboard */ = {
			isa = PBXVariantGroup;
			children = (
				6B101B661BEE86800068E81E /* Base */,
			);
			name = LaunchScreen.storyboard;
			sourceTree = "<group>";
		};
/* End PBXVariantGroup section */

/* Begin XCBuildConfiguration section */
		6B101B7F1BEE86800068E81E /* Debug */ = {
			isa = XCBuildConfiguration;
			buildSettings = {
				ALWAYS_SEARCH_USER_PATHS = NO;
				CLANG_CXX_LANGUAGE_STANDARD = "gnu++0x";
				CLANG_CXX_LIBRARY = "libc++";
				CLANG_ENABLE_MODULES = YES;
				CLANG_ENABLE_OBJC_ARC = YES;
				CLANG_WARN_BOOL_CONVERSION = YES;
				CLANG_WARN_CONSTANT_CONVERSION = YES;
				CLANG_WARN_DIRECT_OBJC_ISA_USAGE = YES_ERROR;
				CLANG_WARN_EMPTY_BODY = YES;
				CLANG_WARN_ENUM_CONVERSION = YES;
				CLANG_WARN_INT_CONVERSION = YES;
				CLANG_WARN_OBJC_ROOT_CLASS = YES_ERROR;
				CLANG_WARN_UNREACHABLE_CODE = YES;
				CLANG_WARN__DUPLICATE_METHOD_MATCH = YES;
				"CODE_SIGN_IDENTITY[sdk=iphoneos*]" = "iPhone Developer";
				COPY_PHASE_STRIP = NO;
				DEBUG_INFORMATION_FORMAT = dwarf;
				ENABLE_STRICT_OBJC_MSGSEND = YES;
				ENABLE_TESTABILITY = YES;
				GCC_C_LANGUAGE_STANDARD = gnu99;
				GCC_DYNAMIC_NO_PIC = NO;
				GCC_NO_COMMON_BLOCKS = YES;
				GCC_OPTIMIZATION_LEVEL = 0;
				GCC_PREPROCESSOR_DEFINITIONS = (
					"DEBUG=1",
					"$(inherited)",
				);
				GCC_WARN_64_TO_32_BIT_CONVERSION = YES;
				GCC_WARN_ABOUT_RETURN_TYPE = YES_ERROR;
				GCC_WARN_UNDECLARED_SELECTOR = YES;
				GCC_WARN_UNINITIALIZED_AUTOS = YES_AGGRESSIVE;
				GCC_WARN_UNUSED_FUNCTION = YES;
				GCC_WARN_UNUSED_VARIABLE = YES;
				IPHONEOS_DEPLOYMENT_TARGET = 9.1;
				MTL_ENABLE_DEBUG_INFO = YES;
				ONLY_ACTIVE_ARCH = YES;
				SDKROOT = iphoneos;
				SWIFT_OPTIMIZATION_LEVEL = "-Onone";
				TARGETED_DEVICE_FAMILY = "1,2";
			};
			name = Debug;
		};
		6B101B801BEE86800068E81E /* Release */ = {
			isa = XCBuildConfiguration;
			buildSettings = {
				ALWAYS_SEARCH_USER_PATHS = NO;
				CLANG_CXX_LANGUAGE_STANDARD = "gnu++0x";
				CLANG_CXX_LIBRARY = "libc++";
				CLANG_ENABLE_MODULES = YES;
				CLANG_ENABLE_OBJC_ARC = YES;
				CLANG_WARN_BOOL_CONVERSION = YES;
				CLANG_WARN_CONSTANT_CONVERSION = YES;
				CLANG_WARN_DIRECT_OBJC_ISA_USAGE = YES_ERROR;
				CLANG_WARN_EMPTY_BODY = YES;
				CLANG_WARN_ENUM_CONVERSION = YES;
				CLANG_WARN_INT_CONVERSION = YES;
				CLANG_WARN_OBJC_ROOT_CLASS = YES_ERROR;
				CLANG_WARN_UNREACHABLE_CODE = YES;
				CLANG_WARN__DUPLICATE_METHOD_MATCH = YES;
				"CODE_SIGN_IDENTITY[sdk=iphoneos*]" = "iPhone Developer";
				COPY_PHASE_STRIP = NO;
				DEBUG_INFORMATION_FORMAT = "dwarf-with-dsym";
				ENABLE_NS_ASSERTIONS = NO;
				ENABLE_STRICT_OBJC_MSGSEND = YES;
				GCC_C_LANGUAGE_STANDARD = gnu99;
				GCC_NO_COMMON_BLOCKS = YES;
				GCC_WARN_64_TO_32_BIT_CONVERSION = YES;
				GCC_WARN_ABOUT_RETURN_TYPE = YES_ERROR;
				GCC_WARN_UNDECLARED_SELECTOR = YES;
				GCC_WARN_UNINITIALIZED_AUTOS = YES_AGGRESSIVE;
				GCC_WARN_UNUSED_FUNCTION = YES;
				GCC_WARN_UNUSED_VARIABLE = YES;
				IPHONEOS_DEPLOYMENT_TARGET = 9.1;
				MTL_ENABLE_DEBUG_INFO = NO;
				SDKROOT = iphoneos;
				TARGETED_DEVICE_FAMILY = "1,2";
				VALIDATE_PRODUCT = YES;
			};
			name = Release;
		};
		6B101B821BEE86800068E81E /* Debug */ = {
			isa = XCBuildConfiguration;
			buildSettings = {
				ASSETCATALOG_COMPILER_APPICON_NAME = AppIcon;
				CODE_SIGN_IDENTITY = "iPhone Developer";
				"CODE_SIGN_IDENTITY[sdk=iphoneos*]" = "iPhone Developer";
				EMBEDDED_CONTENT_CONTAINS_SWIFT = YES;
				INFOPLIST_FILE = testhttp/Info.plist;
				IPHONEOS_DEPLOYMENT_TARGET = 8.0;
				LD_RUNPATH_SEARCH_PATHS = "$(inherited) @executable_path/Frameworks";
				PRODUCT_BUNDLE_IDENTIFIER = com.alberttai.testhttp;
				PRODUCT_NAME = "$(TARGET_NAME)";
				PROVISIONING_PROFILE = "";
				TARGETED_DEVICE_FAMILY = 1;
			};
			name = Debug;
		};
		6B101B831BEE86800068E81E /* Release */ = {
			isa = XCBuildConfiguration;
			buildSettings = {
				ASSETCATALOG_COMPILER_APPICON_NAME = AppIcon;
				CODE_SIGN_IDENTITY = "iPhone Developer";
				"CODE_SIGN_IDENTITY[sdk=iphoneos*]" = "iPhone Developer";
				EMBEDDED_CONTENT_CONTAINS_SWIFT = YES;
				INFOPLIST_FILE = testhttp/Info.plist;
				IPHONEOS_DEPLOYMENT_TARGET = 8.0;
				LD_RUNPATH_SEARCH_PATHS = "$(inherited) @executable_path/Frameworks";
				PRODUCT_BUNDLE_IDENTIFIER = com.alberttai.testhttp;
				PRODUCT_NAME = "$(TARGET_NAME)";
				PROVISIONING_PROFILE = "";
				TARGETED_DEVICE_FAMILY = 1;
			};
			name = Release;
		};
		6B101B851BEE86800068E81E /* Debug */ = {
			isa = XCBuildConfiguration;
			buildSettings = {
				BUNDLE_LOADER = "$(TEST_HOST)";
				INFOPLIST_FILE = testhttpTests/Info.plist;
				LD_RUNPATH_SEARCH_PATHS = "$(inherited) @executable_path/Frameworks @loader_path/Frameworks";
				PRODUCT_BUNDLE_IDENTIFIER = com.phoenix.testhttpTests;
				PRODUCT_NAME = "$(TARGET_NAME)";
				TEST_HOST = "$(BUILT_PRODUCTS_DIR)/testhttp.app/testhttp";
			};
			name = Debug;
		};
		6B101B861BEE86800068E81E /* Release */ = {
			isa = XCBuildConfiguration;
			buildSettings = {
				BUNDLE_LOADER = "$(TEST_HOST)";
				INFOPLIST_FILE = testhttpTests/Info.plist;
				LD_RUNPATH_SEARCH_PATHS = "$(inherited) @executable_path/Frameworks @loader_path/Frameworks";
				PRODUCT_BUNDLE_IDENTIFIER = com.phoenix.testhttpTests;
				PRODUCT_NAME = "$(TARGET_NAME)";
				TEST_HOST = "$(BUILT_PRODUCTS_DIR)/testhttp.app/testhttp";
			};
			name = Release;
		};
		6B101B881BEE86800068E81E /* Debug */ = {
			isa = XCBuildConfiguration;
			buildSettings = {
				INFOPLIST_FILE = testhttpUITests/Info.plist;
				LD_RUNPATH_SEARCH_PATHS = "$(inherited) @executable_path/Frameworks @loader_path/Frameworks";
				PRODUCT_BUNDLE_IDENTIFIER = com.phoenix.testhttpUITests;
				PRODUCT_NAME = "$(TARGET_NAME)";
				TEST_TARGET_NAME = testhttp;
				USES_XCTRUNNER = YES;
			};
			name = Debug;
		};
		6B101B891BEE86800068E81E /* Release */ = {
			isa = XCBuildConfiguration;
			buildSettings = {
				INFOPLIST_FILE = testhttpUITests/Info.plist;
				LD_RUNPATH_SEARCH_PATHS = "$(inherited) @executable_path/Frameworks @loader_path/Frameworks";
				PRODUCT_BUNDLE_IDENTIFIER = com.phoenix.testhttpUITests;
				PRODUCT_NAME = "$(TARGET_NAME)";
				TEST_TARGET_NAME = testhttp;
				USES_XCTRUNNER = YES;
			};
			name = Release;
		};
/* End XCBuildConfiguration section */

/* Begin XCConfigurationList section */
		6B101B541BEE86800068E81E /* Build configuration list for PBXProject "testhttp" */ = {
			isa = XCConfigurationList;
			buildConfigurations = (
				6B101B7F1BEE86800068E81E /* Debug */,
				6B101B801BEE86800068E81E /* Release */,
			);
			defaultConfigurationIsVisible = 0;
			defaultConfigurationName = Release;
		};
		6B101B811BEE86800068E81E /* Build configuration list for PBXNativeTarget "testhttp" */ = {
			isa = XCConfigurationList;
			buildConfigurations = (
				6B101B821BEE86800068E81E /* Debug */,
				6B101B831BEE86800068E81E /* Release */,
			);
			defaultConfigurationIsVisible = 0;
			defaultConfigurationName = Release;
		};
		6B101B841BEE86800068E81E /* Build configuration list for PBXNativeTarget "testhttpTests" */ = {
			isa = XCConfigurationList;
			buildConfigurations = (
				6B101B851BEE86800068E81E /* Debug */,
				6B101B861BEE86800068E81E /* Release */,
			);
			defaultConfigurationIsVisible = 0;
			defaultConfigurationName = Release;
		};
		6B101B871BEE86800068E81E /* Build configuration list for PBXNativeTarget "testhttpUITests" */ = {
			isa = XCConfigurationList;
			buildConfigurations = (
				6B101B881BEE86800068E81E /* Debug */,
				6B101B891BEE86800068E81E /* Release */,
			);
			defaultConfigurationIsVisible = 0;
			defaultConfigurationName = Release;
		};
/* End XCConfigurationList section */
	};
	rootObject = 6B101B511BEE86800068E81E /* Project object */;
}
